
Microsoft Visual Studio Solution File, Format Version 12.00
# Visual Studio Version 16
VisualStudioVersion = 16.0.31025.194
MinimumVisualStudioVersion = 10.0.40219.1
Project("{FAE04EC0-301F-11D3-BF4B-00C04F79EFBC}") = "TPBowling", "TPBowling\TPBowling.csproj", "{184DBE53-7D23-45E3-941E-90BA71D6C987}"
EndProject
Project("{FAE04EC0-301F-11D3-BF4B-00C04F79EFBC}") = "TPBowling.Tests", "TPBowling.Tests\TPBowling.Tests.csproj", "{A85DC32C-7753-4D8F-8392-80C86A301F59}"
EndProject
Global
	GlobalSection(SolutionConfigurationPlatforms) = preSolution
		Debug|Any CPU = Debug|Any CPU
		Release|Any CPU = Release|Any CPU
	EndGlobalSection
	GlobalSection(ProjectConfigurationPlatforms) = postSolution
		{184DBE53-7D23-45E3-941E-90BA71D6C987}.Debug|Any CPU.ActiveCfg = Debug|Any CPU
		{184DBE53-7D23-45E3-941E-90BA71D6C987}.Debug|Any CPU.Build.0 = Debug|Any CPU
		{184DBE53-7D23-45E3-941E-90BA71D6C987}.Release|Any CPU.ActiveCfg = Release|Any CPU
		{184DBE53-7D23-45E3-941E-90BA71D6C987}.Release|Any CPU.Build.0 = Release|Any CPU
		{A85DC32C-7753-4D8F-8392-80C86A301F59}.Debug|Any CPU.ActiveCfg = Debug|Any CPU
		{A85DC32C-7753-4D8F-8392-80C86A301F59}.Debug|Any CPU.Build.0 = Debug|Any CPU
		{A85DC32C-7753-4D8F-8392-80C86A301F59}.Release|Any CPU.ActiveCfg = Release|Any CPU
		{A85DC32C-7753-4D8F-8392-80C86A301F59}.Release|Any CPU.Build.0 = Release|Any CPU
	EndGlobalSection
	GlobalSection(SolutionProperties) = preSolution
		HideSolutionNode = FALSE
	EndGlobalSection
	GlobalSection(ExtensibilityGlobals) = postSolution
		SolutionGuid = {64B0B2CB-784C-4A92-BF15-C2FC3D640AAB}
	EndGlobalSection
EndGlobal
